// !$*UTF8*$!
{
	archiveVersion = 1;
	classes = {
	};
	objectVersion = 46;
	objects = {

/* Begin PBXBuildFile section */
		243597B41C89DF6A004BD7D6 /* AppDelegate.swift in Sources */ = {isa = PBXBuildFile; fileRef = 243597B31C89DF6A004BD7D6 /* AppDelegate.swift */; };
		243597B61C89DF6A004BD7D6 /* Assets.xcassets in Resources */ = {isa = PBXBuildFile; fileRef = 243597B51C89DF6A004BD7D6 /* Assets.xcassets */; };
		243597B91C89DF6A004BD7D6 /* MainMenu.xib in Resources */ = {isa = PBXBuildFile; fileRef = 243597B71C89DF6A004BD7D6 /* MainMenu.xib */; };
/* End PBXBuildFile section */

/* Begin PBXFileReference section */
		243597B01C89DF6A004BD7D6 /* cndota.app */ = {isa = PBXFileReference; explicitFileType = wrapper.application; includeInIndex = 0; path = cndota.app; sourceTree = BUILT_PRODUCTS_DIR; };
		243597B31C89DF6A004BD7D6 /* AppDelegate.swift */ = {isa = PBXFileReference; lastKnownFileType = sourcecode.swift; lineEnding = 0; path = AppDelegate.swift; sourceTree = "<group>"; };
		243597B51C89DF6A004BD7D6 /* Assets.xcassets */ = {isa = PBXFileReference; lastKnownFileType = folder.assetcatalog; path = Assets.xcassets; sourceTree = "<group>"; };
		243597B81C89DF6A004BD7D6 /* Base */ = {isa = PBXFileReference; lastKnownFileType = file.xib; name = Base; path = Base.lproj/MainMenu.xib; sourceTree = "<group>"; };
		243597BA1C89DF6A004BD7D6 /* Info.plist */ = {isa = PBXFileReference; lastKnownFileType = text.plist.xml; path = Info.plist; sourceTree = "<group>"; };
		243597C41C8A88ED004BD7D6 /* test.sh */ = {isa = PBXFileReference; lastKnownFileType = text.script.sh; path = test.sh; sourceTree = "<group>"; };
/* End PBXFileReference section */

/* Begin PBXFrameworksBuildPhase section */
		243597AD1C89DF6A004BD7D6 /* Frameworks */ = {
			isa = PBXFrameworksBuildPhase;
			buildActionMask = 2147483647;
			files = (
			);
			runOnlyForDeploymentPostprocessing = 0;
		};
/* End PBXFrameworksBuildPhase section */

/* Begin PBXGroup section */
		243597A71C89DF6A004BD7D6 = {
			isa = PBXGroup;
			children = (
				243597B21C89DF6A004BD7D6 /* cndota */,
				243597B11C89DF6A004BD7D6 /* Products */,
			);
			sourceTree = "<group>";
		};
		243597B11C89DF6A004BD7D6 /* Products */ = {
			isa = PBXGroup;
			children = (
				243597B01C89DF6A004BD7D6 /* cndota.app */,
			);
			name = Products;
			sourceTree = "<group>";
		};
		243597B21C89DF6A004BD7D6 /* cndota */ = {
			isa = PBXGroup;
			children = (
				243597B31C89DF6A004BD7D6 /* AppDelegate.swift */,
				243597B51C89DF6A004BD7D6 /* Assets.xcassets */,
				243597B71C89DF6A004BD7D6 /* MainMenu.xib */,
				243597BA1C89DF6A004BD7D6 /* Info.plist */,
				243597C41C8A88ED004BD7D6 /* test.sh */,
			);
			path = cndota;
			sourceTree = "<group>";
		};
/* End PBXGroup section */

/* Begin PBXNativeTarget section */
		243597AF1C89DF6A004BD7D6 /* cndota */ = {
			isa = PBXNativeTarget;
			buildConfigurationList = 243597BD1C89DF6A004BD7D6 /* Build configuration list for PBXNativeTarget "cndota" */;
			buildPhases = (
				243597AC1C89DF6A004BD7D6 /* Sources */,
				243597AD1C89DF6A004BD7D6 /* Frameworks */,
				243597AE1C89DF6A004BD7D6 /* Resources */,
			);
			buildRules = (
			);
			dependencies = (
			);
			name = cndota;
			productName = cndota;
			productReference = 243597B01C89DF6A004BD7D6 /* cndota.app */;
			productType = "com.apple.product-type.application";
		};
/* End PBXNativeTarget section */

/* Begin PBXProject section */
		243597A81C89DF6A004BD7D6 /* Project object */ = {
			isa = PBXProject;
			attributes = {
				LastSwiftUpdateCheck = 0710;
				LastUpgradeCheck = 0710;
				ORGANIZATIONNAME = "范天文";
				TargetAttributes = {
					243597AF1C89DF6A004BD7D6 = {
						CreatedOnToolsVersion = 7.1.1;
					};
				};
			};
			buildConfigurationList = 243597AB1C89DF6A004BD7D6 /* Build configuration list for PBXProject "cndota" */;
			compatibilityVersion = "Xcode 3.2";
			developmentRegion = English;
			hasScannedForEncodings = 0;
			knownRegions = (
				en,
				Base,
			);
			mainGroup = 243597A71C89DF6A004BD7D6;
			productRefGroup = 243597B11C89DF6A004BD7D6 /* Products */;
			projectDirPath = "";
			projectRoot = "";
			targets = (
				243597AF1C89DF6A004BD7D6 /* cndota */,
			);
		};
/* End PBXProject section */

/* Begin PBXResourcesBuildPhase section */
		243597AE1C89DF6A004BD7D6 /* Resources */ = {
			isa = PBXResourcesBuildPhase;
			buildActionMask = 2147483647;
			files = (
				243597B61C89DF6A004BD7D6 /* Assets.xcassets in Resources */,
				243597B91C89DF6A004BD7D6 /* MainMenu.xib in Resources */,
			);
			runOnlyForDeploymentPostprocessing = 0;
		};
/* End PBXResourcesBuildPhase section */

/* Begin PBXSourcesBuildPhase section */
		243597AC1C89DF6A004BD7D6 /* Sources */ = {
			isa = PBXSourcesBuildPhase;
			buildActionMask = 2147483647;
			files = (
				243597B41C89DF6A004BD7D6 /* AppDelegate.swift in Sources */,
			);
			runOnlyForDeploymentPostprocessing = 0;
		};
/* End PBXSourcesBuildPhase section */

/* Begin PBXVariantGroup section */
		243597B71C89DF6A004BD7D6 /* MainMenu.xib */ = {
			isa = PBXVariantGroup;
			children = (
				243597B81C89DF6A004BD7D6 /* Base */,
			);
			name = MainMenu.xib;
			sourceTree = "<group>";
		};
/* End PBXVariantGroup section */

/* Begin XCBuildConfiguration section */
		243597BB1C89DF6A004BD7D6 /* Debug */ = {
			isa = XCBuildConfiguration;
			buildSettings = {
				ALWAYS_SEARCH_USER_PATHS = NO;
				CLANG_CXX_LANGUAGE_STANDARD = "gnu++0x";
				CLANG_CXX_LIBRARY = "libc++";
				CLANG_ENABLE_MODULES = YES;
				CLANG_ENABLE_OBJC_ARC = YES;
				CLANG_WARN_BOOL_CONVERSION = YES;
				CLANG_WARN_CONSTANT_CONVERSION = YES;
				CLANG_WARN_DIRECT_OBJC_ISA_USAGE = YES_ERROR;
				CLANG_WARN_EMPTY_BODY = YES;
				CLANG_WARN_ENUM_CONVERSION = YES;
				CLANG_WARN_INT_CONVERSION = YES;
				CLANG_WARN_OBJC_ROOT_CLASS = YES_ERROR;
				CLANG_WARN_UNREACHABLE_CODE = YES;
				CLANG_WARN__DUPLICATE_METHOD_MATCH = YES;
				CODE_SIGN_IDENTITY = "-";
				COPY_PHASE_STRIP = NO;
				DEBUG_INFORMATION_FORMAT = dwarf;
				ENABLE_STRICT_OBJC_MSGSEND = YES;
				ENABLE_TESTABILITY = YES;
				GCC_C_LANGUAGE_STANDARD = gnu99;
				GCC_DYNAMIC_NO_PIC = NO;
				GCC_NO_COMMON_BLOCKS = YES;
				GCC_OPTIMIZATION_LEVEL = 0;
				GCC_PREPROCESSOR_DEFINITIONS = (
					"DEBUG=1",
					"$(inherited)",
				);
				GCC_WARN_64_TO_32_BIT_CONVERSION = YES;
				GCC_WARN_ABOUT_RETURN_TYPE = YES_ERROR;
				GCC_WARN_UNDECLARED_SELECTOR = YES;
				GCC_WARN_UNINITIALIZED_AUTOS = YES_AGGRESSIVE;
				GCC_WARN_UNUSED_FUNCTION = YES;
				GCC_WARN_UNUSED_VARIABLE = YES;
				MACOSX_DEPLOYMENT_TARGET = 10.11;
				MTL_ENABLE_DEBUG_INFO = YES;
				ONLY_ACTIVE_ARCH = YES;
				SDKROOT = macosx;
				SWIFT_OPTIMIZATION_LEVEL = "-Onone";
			};
			name = Debug;
		};
		243597BC1C89DF6A004BD7D6 /* Release */ = {
			isa = XCBuildConfiguration;
			buildSettings = {
				ALWAYS_SEARCH_USER_PATHS = NO;
				CLANG_CXX_LANGUAGE_STANDARD = "gnu++0x";
				CLANG_CXX_LIBRARY = "libc++";
				CLANG_ENABLE_MODULES = YES;
				CLANG_ENABLE_OBJC_ARC = YES;
				CLANG_WARN_BOOL_CONVERSION = YES;
				CLANG_WARN_CONSTANT_CONVERSION = YES;
				CLANG_WARN_DIRECT_OBJC_ISA_USAGE = YES_ERROR;
				CLANG_WARN_EMPTY_BODY = YES;
				CLANG_WARN_ENUM_CONVERSION = YES;
				CLANG_WARN_INT_CONVERSION = YES;
				CLANG_WARN_OBJC_ROOT_CLASS = YES_ERROR;
				CLANG_WARN_UNREACHABLE_CODE = YES;
				CLANG_WARN__DUPLICATE_METHOD_MATCH = YES;
				CODE_SIGN_IDENTITY = "-";
				COPY_PHASE_STRIP = NO;
				DEBUG_INFORMATION_FORMAT = "dwarf-with-dsym";
				ENABLE_NS_ASSERTIONS = NO;
				ENABLE_STRICT_OBJC_MSGSEND = YES;
				GCC_C_LANGUAGE_STANDARD = gnu99;
				GCC_NO_COMMON_BLOCKS = YES;
				GCC_WARN_64_TO_32_BIT_CONVERSION = YES;
				GCC_WARN_ABOUT_RETURN_TYPE = YES_ERROR;
				GCC_WARN_UNDECLARED_SELECTOR = YES;
				GCC_WARN_UNINITIALIZED_AUTOS = YES_AGGRESSIVE;
				GCC_WARN_UNUSED_FUNCTION = YES;
				GCC_WARN_UNUSED_VARIABLE = YES;
				MACOSX_DEPLOYMENT_TARGET = 10.11;
				MTL_ENABLE_DEBUG_INFO = NO;
				SDKROOT = macosx;
			};
			name = Release;
		};
		243597BE1C89DF6A004BD7D6 /* Debug */ = {
			isa = XCBuildConfiguration;
			buildSettings = {
				ASSETCATALOG_COMPILER_APPICON_NAME = AppIcon;
				COMBINE_HIDPI_IMAGES = YES;
				INFOPLIST_FILE = cndota/Info.plist;
				LD_RUNPATH_SEARCH_PATHS = "$(inherited) @executable_path/../Frameworks";
				PRODUCT_BUNDLE_IDENTIFIER = wen.tian.van.cndota;
				PRODUCT_NAME = "$(TARGET_NAME)";
			};
			name = Debug;
		};
		243597BF1C89DF6A004BD7D6 /* Release */ = {
			isa = XCBuildConfiguration;
			buildSettings = {
				ASSETCATALOG_COMPILER_APPICON_NAME = AppIcon;
				COMBINE_HIDPI_IMAGES = YES;
				INFOPLIST_FILE = cndota/Info.plist;
				LD_RUNPATH_SEARCH_PATHS = "$(inherited) @executable_path/../Frameworks";
				PRODUCT_BUNDLE_IDENTIFIER = wen.tian.van.cndota;
				PRODUCT_NAME = "$(TARGET_NAME)";
			};
			name = Release;
		};
/* End XCBuildConfiguration section */

/* Begin XCConfigurationList section */
		243597AB1C89DF6A004BD7D6 /* Build configuration list for PBXProject "cndota" */ = {
			isa = XCConfigurationList;
			buildConfigurations = (
				243597BB1C89DF6A004BD7D6 /* Debug */,
				243597BC1C89DF6A004BD7D6 /* Release */,
			);
			defaultConfigurationIsVisible = 0;
			defaultConfigurationName = Release;
		};
		243597BD1C89DF6A004BD7D6 /* Build configuration list for PBXNativeTarget "cndota" */ = {
			isa = XCConfigurationList;
			buildConfigurations = (
				243597BE1C89DF6A004BD7D6 /* Debug */,
				243597BF1C89DF6A004BD7D6 /* Release */,
			);
			defaultConfigurationIsVisible = 0;
			defaultConfigurationName = Release;
		};
/* End XCConfigurationList section */
	};
	rootObject = 243597A81C89DF6A004BD7D6 /* Project object */;
}
